
Microsoft Visual Studio Solution File, Format Version 12.00
# Visual Studio Version 17
VisualStudioVersion = 17.7.34024.191
MinimumVisualStudioVersion = 10.0.40219.1
Project("{FAE04EC0-301F-11D3-BF4B-00C04F79EFBC}") = "Core_Layer", "Core_Layer\Core_Layer.csproj", "{422BA935-5796-4A06-A1A8-8664DBC218B5}"
EndProject
Project("{FAE04EC0-301F-11D3-BF4B-00C04F79EFBC}") = "Entities", "Entities\Entities.csproj", "{18B70F15-9BCF-4228-9E8A-4CF3BD53F383}"
EndProject
Project("{FAE04EC0-301F-11D3-BF4B-00C04F79EFBC}") = "DataAccess_Layer", "DataAccess\DataAccess_Layer.csproj", "{BCDBC779-07C2-46EF-8BBB-3B8EBE997C46}"
EndProject
Project("{FAE04EC0-301F-11D3-BF4B-00C04F79EFBC}") = "Business_Layer", "Business\Business_Layer.csproj", "{57049B5D-3C0E-4006-875D-99745572647D}"
EndProject
Project("{FAE04EC0-301F-11D3-BF4B-00C04F79EFBC}") = "WebUi", "WebUi\WebUi.csproj", "{1EDD30BC-05D9-42AA-937E-4960A3E7FB69}"
EndProject
Global
	GlobalSection(SolutionConfigurationPlatforms) = preSolution
		Debug|Any CPU = Debug|Any CPU
		Release|Any CPU = Release|Any CPU
	EndGlobalSection
	GlobalSection(ProjectConfigurationPlatforms) = postSolution
		{422BA935-5796-4A06-A1A8-8664DBC218B5}.Debug|Any CPU.ActiveCfg = Debug|Any CPU
		{422BA935-5796-4A06-A1A8-8664DBC218B5}.Debug|Any CPU.Build.0 = Debug|Any CPU
		{422BA935-5796-4A06-A1A8-8664DBC218B5}.Release|Any CPU.ActiveCfg = Release|Any CPU
		{422BA935-5796-4A06-A1A8-8664DBC218B5}.Release|Any CPU.Build.0 = Release|Any CPU
		{18B70F15-9BCF-4228-9E8A-4CF3BD53F383}.Debug|Any CPU.ActiveCfg = Debug|Any CPU
		{18B70F15-9BCF-4228-9E8A-4CF3BD53F383}.Debug|Any CPU.Build.0 = Debug|Any CPU
		{18B70F15-9BCF-4228-9E8A-4CF3BD53F383}.Release|Any CPU.ActiveCfg = Release|Any CPU
		{18B70F15-9BCF-4228-9E8A-4CF3BD53F383}.Release|Any CPU.Build.0 = Release|Any CPU
		{BCDBC779-07C2-46EF-8BBB-3B8EBE997C46}.Debug|Any CPU.ActiveCfg = Debug|Any CPU
		{BCDBC779-07C2-46EF-8BBB-3B8EBE997C46}.Debug|Any CPU.Build.0 = Debug|Any CPU
		{BCDBC779-07C2-46EF-8BBB-3B8EBE997C46}.Release|Any CPU.ActiveCfg = Release|Any CPU
		{BCDBC779-07C2-46EF-8BBB-3B8EBE997C46}.Release|Any CPU.Build.0 = Release|Any CPU
		{57049B5D-3C0E-4006-875D-99745572647D}.Debug|Any CPU.ActiveCfg = Debug|Any CPU
		{57049B5D-3C0E-4006-875D-99745572647D}.Debug|Any CPU.Build.0 = Debug|Any CPU
		{57049B5D-3C0E-4006-875D-99745572647D}.Release|Any CPU.ActiveCfg = Release|Any CPU
		{57049B5D-3C0E-4006-875D-99745572647D}.Release|Any CPU.Build.0 = Release|Any CPU
		{1EDD30BC-05D9-42AA-937E-4960A3E7FB69}.Debug|Any CPU.ActiveCfg = Debug|Any CPU
		{1EDD30BC-05D9-42AA-937E-4960A3E7FB69}.Debug|Any CPU.Build.0 = Debug|Any CPU
		{1EDD30BC-05D9-42AA-937E-4960A3E7FB69}.Release|Any CPU.ActiveCfg = Release|Any CPU
		{1EDD30BC-05D9-42AA-937E-4960A3E7FB69}.Release|Any CPU.Build.0 = Release|Any CPU
	EndGlobalSection
	GlobalSection(SolutionProperties) = preSolution
		HideSolutionNode = FALSE
	EndGlobalSection
	GlobalSection(ExtensibilityGlobals) = postSolution
		SolutionGuid = {6D52D401-FB6E-43C6-9606-98327817D08F}
	EndGlobalSection
EndGlobal
